
Microsoft Visual Studio Solution File, Format Version 12.00
# Visual Studio Version 17
VisualStudioVersion = 17.11.35312.102
MinimumVisualStudioVersion = 10.0.40219.1
Project("{FAE04EC0-301F-11D3-BF4B-00C04F79EFBC}") = "SayiTersCevirme", "SayiTersCevirme\SayiTersCevirme.csproj", "{78D32D54-D259-4FD3-92C8-F67001F47451}"
EndProject
Global
	GlobalSection(SolutionConfigurationPlatforms) = preSolution
		Debug|Any CPU = Debug|Any CPU
		Release|Any CPU = Release|Any CPU
	EndGlobalSection
	GlobalSection(ProjectConfigurationPlatforms) = postSolution
		{78D32D54-D259-4FD3-92C8-F67001F47451}.Debug|Any CPU.ActiveCfg = Debug|Any CPU
		{78D32D54-D259-4FD3-92C8-F67001F47451}.Debug|Any CPU.Build.0 = Debug|Any CPU
		{78D32D54-D259-4FD3-92C8-F67001F47451}.Release|Any CPU.ActiveCfg = Release|Any CPU
		{78D32D54-D259-4FD3-92C8-F67001F47451}.Release|Any CPU.Build.0 = Release|Any CPU
	EndGlobalSection
	GlobalSection(SolutionProperties) = preSolution
		HideSolutionNode = FALSE
	EndGlobalSection
	GlobalSection(ExtensibilityGlobals) = postSolution
		SolutionGuid = {235C279D-009F-43C6-8C23-D100C68D936C}
	EndGlobalSection
EndGlobal
